
Microsoft Visual Studio Solution File, Format Version 12.00
# Visual Studio Version 16
VisualStudioVersion = 16.0.31019.35
MinimumVisualStudioVersion = 10.0.40219.1
Project("{FAE04EC0-301F-11D3-BF4B-00C04F79EFBC}") = "SuperMammoth", "SuperMammoth\SuperMammoth.csproj", "{6640C847-331B-4EBD-8EEF-9D5270128F55}"
EndProject
Global
	GlobalSection(SolutionConfigurationPlatforms) = preSolution
		Debug|Any CPU = Debug|Any CPU
		Release|Any CPU = Release|Any CPU
	EndGlobalSection
	GlobalSection(ProjectConfigurationPlatforms) = postSolution
		{6640C847-331B-4EBD-8EEF-9D5270128F55}.Debug|Any CPU.ActiveCfg = Debug|Any CPU
		{6640C847-331B-4EBD-8EEF-9D5270128F55}.Debug|Any CPU.Build.0 = Debug|Any CPU
		{6640C847-331B-4EBD-8EEF-9D5270128F55}.Release|Any CPU.ActiveCfg = Release|Any CPU
		{6640C847-331B-4EBD-8EEF-9D5270128F55}.Release|Any CPU.Build.0 = Release|Any CPU
	EndGlobalSection
	GlobalSection(SolutionProperties) = preSolution
		HideSolutionNode = FALSE
	EndGlobalSection
	GlobalSection(ExtensibilityGlobals) = postSolution
		SolutionGuid = {5ABF77CD-E1C4-4AAD-B6E8-7FB4B9A2FB7D}
	EndGlobalSection
EndGlobal
