
Microsoft Visual Studio Solution File, Format Version 12.00
# Visual Studio Version 16
VisualStudioVersion = 16.0.30907.101
MinimumVisualStudioVersion = 10.0.40219.1
Project("{9A19103F-16F7-4668-BE54-9A1E7A4F7556}") = "PaxAPI", "PaxAPI.csproj", "{CBD3D2A9-D214-4E0C-BDB3-A2793673C388}"
EndProject
Global
	GlobalSection(SolutionConfigurationPlatforms) = preSolution
		Debug|Any CPU = Debug|Any CPU
		Release|Any CPU = Release|Any CPU
	EndGlobalSection
	GlobalSection(ProjectConfigurationPlatforms) = postSolution
		{CBD3D2A9-D214-4E0C-BDB3-A2793673C388}.Debug|Any CPU.ActiveCfg = Debug|Any CPU
		{CBD3D2A9-D214-4E0C-BDB3-A2793673C388}.Debug|Any CPU.Build.0 = Debug|Any CPU
		{CBD3D2A9-D214-4E0C-BDB3-A2793673C388}.Release|Any CPU.ActiveCfg = Release|Any CPU
		{CBD3D2A9-D214-4E0C-BDB3-A2793673C388}.Release|Any CPU.Build.0 = Release|Any CPU
	EndGlobalSection
	GlobalSection(SolutionProperties) = preSolution
		HideSolutionNode = FALSE
	EndGlobalSection
	GlobalSection(ExtensibilityGlobals) = postSolution
		SolutionGuid = {73051B1F-1598-482E-B5D4-E3DFE8671C38}
	EndGlobalSection
EndGlobal
