
Microsoft Visual Studio Solution File, Format Version 12.00
# Visual Studio Version 16
VisualStudioVersion = 16.0.30804.86
MinimumVisualStudioVersion = 10.0.40219.1
Project("{FAE04EC0-301F-11D3-BF4B-00C04F79EFBC}") = "API_Parque1", "API_Parque1.csproj", "{EA154218-6F93-4E20-81E9-CBB66EBB471D}"
EndProject
Global
	GlobalSection(SolutionConfigurationPlatforms) = preSolution
		Debug|Any CPU = Debug|Any CPU
		Release|Any CPU = Release|Any CPU
	EndGlobalSection
	GlobalSection(ProjectConfigurationPlatforms) = postSolution
		{EA154218-6F93-4E20-81E9-CBB66EBB471D}.Debug|Any CPU.ActiveCfg = Debug|Any CPU
		{EA154218-6F93-4E20-81E9-CBB66EBB471D}.Debug|Any CPU.Build.0 = Debug|Any CPU
		{EA154218-6F93-4E20-81E9-CBB66EBB471D}.Release|Any CPU.ActiveCfg = Release|Any CPU
		{EA154218-6F93-4E20-81E9-CBB66EBB471D}.Release|Any CPU.Build.0 = Release|Any CPU
	EndGlobalSection
	GlobalSection(SolutionProperties) = preSolution
		HideSolutionNode = FALSE
	EndGlobalSection
	GlobalSection(ExtensibilityGlobals) = postSolution
		SolutionGuid = {EC0841C0-DAD7-49C9-8C23-133DB0FA4D4E}
	EndGlobalSection
EndGlobal
