
Microsoft Visual Studio Solution File, Format Version 12.00
# Visual Studio Version 16
VisualStudioVersion = 16.0.30907.101
MinimumVisualStudioVersion = 10.0.40219.1
Project("{9A19103F-16F7-4668-BE54-9A1E7A4F7556}") = "iParkPro", "iParkPro\iParkPro.csproj", "{D30DC408-26B2-407C-8C20-E9B08E960AE8}"
EndProject
Project("{9A19103F-16F7-4668-BE54-9A1E7A4F7556}") = "PublicParkAPI", "Park1API\PublicParkAPI.csproj", "{2F659EE8-3FC5-4CEF-A56C-682B4ADA4DE1}"
EndProject
Global
	GlobalSection(SolutionConfigurationPlatforms) = preSolution
		Debug|Any CPU = Debug|Any CPU
		Release|Any CPU = Release|Any CPU
	EndGlobalSection
	GlobalSection(ProjectConfigurationPlatforms) = postSolution
		{D30DC408-26B2-407C-8C20-E9B08E960AE8}.Debug|Any CPU.ActiveCfg = Debug|Any CPU
		{D30DC408-26B2-407C-8C20-E9B08E960AE8}.Debug|Any CPU.Build.0 = Debug|Any CPU
		{D30DC408-26B2-407C-8C20-E9B08E960AE8}.Release|Any CPU.ActiveCfg = Release|Any CPU
		{D30DC408-26B2-407C-8C20-E9B08E960AE8}.Release|Any CPU.Build.0 = Release|Any CPU
		{2F659EE8-3FC5-4CEF-A56C-682B4ADA4DE1}.Debug|Any CPU.ActiveCfg = Debug|Any CPU
		{2F659EE8-3FC5-4CEF-A56C-682B4ADA4DE1}.Debug|Any CPU.Build.0 = Debug|Any CPU
		{2F659EE8-3FC5-4CEF-A56C-682B4ADA4DE1}.Release|Any CPU.ActiveCfg = Release|Any CPU
		{2F659EE8-3FC5-4CEF-A56C-682B4ADA4DE1}.Release|Any CPU.Build.0 = Release|Any CPU
	EndGlobalSection
	GlobalSection(SolutionProperties) = preSolution
		HideSolutionNode = FALSE
	EndGlobalSection
	GlobalSection(ExtensibilityGlobals) = postSolution
		SolutionGuid = {5E8E3D59-EF1C-4669-8304-0A6F6ABF83E5}
	EndGlobalSection
EndGlobal
